
Microsoft Visual Studio Solution File, Format Version 12.00
# Visual Studio Version 16
VisualStudioVersion = 16.0.30907.101
MinimumVisualStudioVersion = 10.0.40219.1
Project("{9A19103F-16F7-4668-BE54-9A1E7A4F7556}") = "InsuranceDLL", "InsuranceDLL.csproj", "{1D2C3498-0D5D-49C4-8F9C-D14D29A65455}"
EndProject
Global
	GlobalSection(SolutionConfigurationPlatforms) = preSolution
		Debug|Any CPU = Debug|Any CPU
		Release|Any CPU = Release|Any CPU
	EndGlobalSection
	GlobalSection(ProjectConfigurationPlatforms) = postSolution
		{1D2C3498-0D5D-49C4-8F9C-D14D29A65455}.Debug|Any CPU.ActiveCfg = Debug|Any CPU
		{1D2C3498-0D5D-49C4-8F9C-D14D29A65455}.Debug|Any CPU.Build.0 = Debug|Any CPU
		{1D2C3498-0D5D-49C4-8F9C-D14D29A65455}.Release|Any CPU.ActiveCfg = Release|Any CPU
		{1D2C3498-0D5D-49C4-8F9C-D14D29A65455}.Release|Any CPU.Build.0 = Release|Any CPU
	EndGlobalSection
	GlobalSection(SolutionProperties) = preSolution
		HideSolutionNode = FALSE
	EndGlobalSection
	GlobalSection(ExtensibilityGlobals) = postSolution
		SolutionGuid = {8A9DBE50-0D10-468A-AF74-FE4667F614C7}
	EndGlobalSection
EndGlobal
